
Microsoft Visual Studio Solution File, Format Version 12.00
# Visual Studio Version 17
VisualStudioVersion = 17.11.35312.102
MinimumVisualStudioVersion = 10.0.40219.1
Project("{8BC9CEB8-8B4A-11D0-8D11-00A0C91BC942}") = "Day1", "Day1.vcxproj", "{104235B1-D383-438E-AE41-00D443CFECFA}"
EndProject
Global
	GlobalSection(SolutionConfigurationPlatforms) = preSolution
		Debug|x64 = Debug|x64
		Debug|x86 = Debug|x86
		Release|x64 = Release|x64
		Release|x86 = Release|x86
	EndGlobalSection
	GlobalSection(ProjectConfigurationPlatforms) = postSolution
		{104235B1-D383-438E-AE41-00D443CFECFA}.Debug|x64.ActiveCfg = Debug|x64
		{104235B1-D383-438E-AE41-00D443CFECFA}.Debug|x64.Build.0 = Debug|x64
		{104235B1-D383-438E-AE41-00D443CFECFA}.Debug|x86.ActiveCfg = Debug|Win32
		{104235B1-D383-438E-AE41-00D443CFECFA}.Debug|x86.Build.0 = Debug|Win32
		{104235B1-D383-438E-AE41-00D443CFECFA}.Release|x64.ActiveCfg = Release|x64
		{104235B1-D383-438E-AE41-00D443CFECFA}.Release|x64.Build.0 = Release|x64
		{104235B1-D383-438E-AE41-00D443CFECFA}.Release|x86.ActiveCfg = Release|Win32
		{104235B1-D383-438E-AE41-00D443CFECFA}.Release|x86.Build.0 = Release|Win32
	EndGlobalSection
	GlobalSection(SolutionProperties) = preSolution
		HideSolutionNode = FALSE
	EndGlobalSection
	GlobalSection(ExtensibilityGlobals) = postSolution
		SolutionGuid = {B3BFB2B5-DD11-4980-B164-231D6530A12E}
	EndGlobalSection
EndGlobal
